
Microsoft Visual Studio Solution File, Format Version 12.00
# Visual Studio Version 17
VisualStudioVersion = 17.12.35527.113 d17.12
MinimumVisualStudioVersion = 10.0.40219.1
Project("{FAE04EC0-301F-11D3-BF4B-00C04F79EFBC}") = "AssettoNet.Example", "AssettoNet.Example.csproj", "{CBA888BA-C591-4423-94FD-D9029658C22B}"
EndProject
Global
	GlobalSection(SolutionConfigurationPlatforms) = preSolution
		Debug|Any CPU = Debug|Any CPU
		Release|Any CPU = Release|Any CPU
	EndGlobalSection
	GlobalSection(ProjectConfigurationPlatforms) = postSolution
		{CBA888BA-C591-4423-94FD-D9029658C22B}.Debug|Any CPU.ActiveCfg = Debug|Any CPU
		{CBA888BA-C591-4423-94FD-D9029658C22B}.Debug|Any CPU.Build.0 = Debug|Any CPU
		{CBA888BA-C591-4423-94FD-D9029658C22B}.Release|Any CPU.ActiveCfg = Release|Any CPU
		{CBA888BA-C591-4423-94FD-D9029658C22B}.Release|Any CPU.Build.0 = Release|Any CPU
	EndGlobalSection
	GlobalSection(SolutionProperties) = preSolution
		HideSolutionNode = FALSE
	EndGlobalSection
EndGlobal
